# This file was autogenerated by Stack.
# You should not edit this file by hand.
# For more information, please see the documentation at:
#   https://docs.haskellstack.org/en/stable/lock_files

packages:
- completed:
    hackage: classy-prelude-yesod-1.5.0@sha256:8f7e183bdfd6d2ea9674284c4f285294ab086aff60d9be4e5d7d2f3c1a2b05b7,1330
    pantry-tree:
      sha256: ae84d4cc0e1daf985db6cdcf2ac92319531b8e60f547183cc46480d00aafbe20
      size: 330
  original:
    hackage: classy-prelude-yesod-1.5.0@sha256:8f7e183bdfd6d2ea9674284c4f285294ab086aff60d9be4e5d7d2f3c1a2b05b7,1330
- completed:
    hackage: hjsmin-0.2.0.4@sha256:4e81260f019081f1bdd7e4e285b35f2f09eea83ff9cd721aaa4e0ba979228fa0,2237
    pantry-tree:
      sha256: a988c96cb54c9b38800764c3066103e3ef93096245990bd3d51f6d1360fc7a78
      size: 561
  original:
    hackage: hjsmin-0.2.0.4@sha256:4e81260f019081f1bdd7e4e285b35f2f09eea83ff9cd721aaa4e0ba979228fa0,2237
- completed:
    hackage: yesod-1.6.2.1@sha256:504bc888257dae9bb40f4cd1e1110c4e80dfe7b867e8e207b22c4ca4dbd87f9a,2030
    pantry-tree:
      sha256: 5a78fa0c6e7dcb46c9acd687ab9409c8fcda0d59b930e2a93e5dc44128c740ec
      size: 618
  original:
    hackage: yesod-1.6.2.1@sha256:504bc888257dae9bb40f4cd1e1110c4e80dfe7b867e8e207b22c4ca4dbd87f9a,2030
- completed:
    hackage: yesod-auth-1.6.11@sha256:602c0db6cc85cb7b4ad82970379e77e3dee650ab6f05d8d955c6fec7934c5f31,3054
    pantry-tree:
      sha256: 3c6076aa68d31b1f2c40f327bb11c7c7adf7c3ec0f8288ade092185b241c2451
      size: 1013
  original:
    hackage: yesod-auth-1.6.11@sha256:602c0db6cc85cb7b4ad82970379e77e3dee650ab6f05d8d955c6fec7934c5f31,3054
- completed:
    hackage: yesod-form-1.7.3@sha256:e3b0dd75253ceb3b5a0d6683fad959cefb8ac996f1611d67c4dcddff549f6282,3388
    pantry-tree:
      sha256: 175436a59f09a6ea86fdef973255c855616020a0034d760db36946a575b3d9ed
      size: 1729
  original:
    hackage: yesod-form-1.7.3@sha256:e3b0dd75253ceb3b5a0d6683fad959cefb8ac996f1611d67c4dcddff549f6282,3388
- completed:
    hackage: yesod-static-1.6.1.0@sha256:0f075bcb8c90626ef738367333e3ac745fd7872619c6db388c0555f2ce768a5a,4419
    pantry-tree:
      sha256: 5557d3ae5f7945741ae2d5f45a536ffe6c4568f9c1af2371441d3ae4e5dbc23b
      size: 1699
  original:
    hackage: yesod-static-1.6.1.0@sha256:0f075bcb8c90626ef738367333e3ac745fd7872619c6db388c0555f2ce768a5a,4419
- completed:
    hackage: email-validate-2.3.2.16@sha256:476034254f2a78f8c6e1a7245d3ba51f85f8ee78fd4a0f24f7df4d18a33321d7,1679
    pantry-tree:
      sha256: f3c8abe28d997bcf21dfb09cd1c01c0c07ed29463baa41828210f8fb93c5d291
      size: 476
  original:
    hackage: email-validate-2.3.2.16@sha256:476034254f2a78f8c6e1a7245d3ba51f85f8ee78fd4a0f24f7df4d18a33321d7,1679
snapshots:
- completed:
    sha256: 9fcfb22f5a62fd0844dda861fe6ed7c2230e4df4b585da4f1e316d8b4848a207
    size: 543665
    url: https://raw.githubusercontent.com/commercialhaskell/stackage-snapshots/master/nightly/2022/11/21.yaml
  original: nightly-2022-11-21
